dependencies:
- name: redis
  repository: oci://registry-1.docker.io/bitnamicharts
  version: 20.13.4
- name: mongodb
  repository: oci://registry-1.docker.io/bitnamicharts
  version: 16.5.1
digest: sha256:d4880e1d9ff2f2dcc61103d6a3cb1660346ab21ae0e01868935ad3d4087bbd6a
generated: "2026-05-27T12:20:24.548329151+02:00"
